
Microsoft Visual Studio Solution File, Format Version 12.00
# Visual Studio Version 17
VisualStudioVersion = 17.1.32210.238
MinimumVisualStudioVersion = 10.0.40219.1
Project("{FAE04EC0-301F-11D3-BF4B-00C04F79EFBC}") = "basicCorePrograms", "basicCorePrograms\basicCorePrograms.csproj", "{C86BCE07-5E05-41DB-85C2-293B31F8BC5F}"
EndProject
Global
	GlobalSection(SolutionConfigurationPlatforms) = preSolution
		Debug|Any CPU = Debug|Any CPU
		Release|Any CPU = Release|Any CPU
	EndGlobalSection
	GlobalSection(ProjectConfigurationPlatforms) = postSolution
		{C86BCE07-5E05-41DB-85C2-293B31F8BC5F}.Debug|Any CPU.ActiveCfg = Debug|Any CPU
		{C86BCE07-5E05-41DB-85C2-293B31F8BC5F}.Debug|Any CPU.Build.0 = Debug|Any CPU
		{C86BCE07-5E05-41DB-85C2-293B31F8BC5F}.Release|Any CPU.ActiveCfg = Release|Any CPU
		{C86BCE07-5E05-41DB-85C2-293B31F8BC5F}.Release|Any CPU.Build.0 = Release|Any CPU
	EndGlobalSection
	GlobalSection(SolutionProperties) = preSolution
		HideSolutionNode = FALSE
	EndGlobalSection
	GlobalSection(ExtensibilityGlobals) = postSolution
		SolutionGuid = {09BFE3AC-E211-47BF-B8BA-DEA7530F4580}
	EndGlobalSection
EndGlobal
